
Microsoft Visual Studio Solution File, Format Version 12.00
# Visual Studio Version 16
VisualStudioVersion = 16.0.30611.23
MinimumVisualStudioVersion = 10.0.40219.1
Project("{FAE04EC0-301F-11D3-BF4B-00C04F79EFBC}") = "IvolucionWS", "IvolucionWS\IvolucionWS.csproj", "{AE1F6A85-449D-444A-86AB-5119D6EE151C}"
EndProject
Project("{FAE04EC0-301F-11D3-BF4B-00C04F79EFBC}") = "CodeService", "CodeService\CodeService.csproj", "{6C5184CB-0FB4-47D8-A29F-00D5989836A6}"
EndProject
Project("{54435603-DBB4-11D2-8724-00A0C9A8B90C}") = "IvolucionWSInstaller", "IvolucionWSInstaller\IvolucionWSInstaller.vdproj", "{FF720181-D4AD-4656-998C-954B3F8D8776}"
EndProject
Global
	GlobalSection(SolutionConfigurationPlatforms) = preSolution
		Debug|Any CPU = Debug|Any CPU
		Release|Any CPU = Release|Any CPU
	EndGlobalSection
	GlobalSection(ProjectConfigurationPlatforms) = postSolution
		{AE1F6A85-449D-444A-86AB-5119D6EE151C}.Debug|Any CPU.ActiveCfg = Debug|Any CPU
		{AE1F6A85-449D-444A-86AB-5119D6EE151C}.Debug|Any CPU.Build.0 = Debug|Any CPU
		{AE1F6A85-449D-444A-86AB-5119D6EE151C}.Release|Any CPU.ActiveCfg = Release|Any CPU
		{AE1F6A85-449D-444A-86AB-5119D6EE151C}.Release|Any CPU.Build.0 = Release|Any CPU
		{6C5184CB-0FB4-47D8-A29F-00D5989836A6}.Debug|Any CPU.ActiveCfg = Debug|Any CPU
		{6C5184CB-0FB4-47D8-A29F-00D5989836A6}.Debug|Any CPU.Build.0 = Debug|Any CPU
		{6C5184CB-0FB4-47D8-A29F-00D5989836A6}.Release|Any CPU.ActiveCfg = Release|Any CPU
		{6C5184CB-0FB4-47D8-A29F-00D5989836A6}.Release|Any CPU.Build.0 = Release|Any CPU
		{FF720181-D4AD-4656-998C-954B3F8D8776}.Debug|Any CPU.ActiveCfg = Debug
		{FF720181-D4AD-4656-998C-954B3F8D8776}.Release|Any CPU.ActiveCfg = Release
	EndGlobalSection
	GlobalSection(SolutionProperties) = preSolution
		HideSolutionNode = FALSE
	EndGlobalSection
	GlobalSection(ExtensibilityGlobals) = postSolution
		SolutionGuid = {AB19B841-2A4D-4032-830A-37EAE9895866}
	EndGlobalSection
EndGlobal
